
Microsoft Visual Studio Solution File, Format Version 12.00
# Visual Studio Version 17
VisualStudioVersion = 17.3.32901.215
MinimumVisualStudioVersion = 10.0.40219.1
Project("{8BC9CEB8-8B4A-11D0-8D11-00A0C91BC942}") = "OS_Lab09_Server", "OS_Lab09_Server.vcxproj", "{315ED2FE-5B8C-413E-B963-0A510767A5AF}"
EndProject
Global
	GlobalSection(SolutionConfigurationPlatforms) = preSolution
		Debug|x64 = Debug|x64
		Debug|x86 = Debug|x86
		Release|x64 = Release|x64
		Release|x86 = Release|x86
	EndGlobalSection
	GlobalSection(ProjectConfigurationPlatforms) = postSolution
		{315ED2FE-5B8C-413E-B963-0A510767A5AF}.Debug|x64.ActiveCfg = Debug|x64
		{315ED2FE-5B8C-413E-B963-0A510767A5AF}.Debug|x64.Build.0 = Debug|x64
		{315ED2FE-5B8C-413E-B963-0A510767A5AF}.Debug|x86.ActiveCfg = Debug|Win32
		{315ED2FE-5B8C-413E-B963-0A510767A5AF}.Debug|x86.Build.0 = Debug|Win32
		{315ED2FE-5B8C-413E-B963-0A510767A5AF}.Release|x64.ActiveCfg = Release|x64
		{315ED2FE-5B8C-413E-B963-0A510767A5AF}.Release|x64.Build.0 = Release|x64
		{315ED2FE-5B8C-413E-B963-0A510767A5AF}.Release|x86.ActiveCfg = Release|Win32
		{315ED2FE-5B8C-413E-B963-0A510767A5AF}.Release|x86.Build.0 = Release|Win32
	EndGlobalSection
	GlobalSection(SolutionProperties) = preSolution
		HideSolutionNode = FALSE
	EndGlobalSection
	GlobalSection(ExtensibilityGlobals) = postSolution
		SolutionGuid = {19F8A366-9B5B-4ADA-A0A8-B11C347C5B20}
	EndGlobalSection
EndGlobal
